// !$*UTF8*$!
{
	archiveVersion = 1;
	classes = {
	};
	objectVersion = 50;
	objects = {

/* Begin PBXBuildFile section */
		13E0C2641DA88C924AC63329 /* Pods_AppStoreConnect.framework in Frameworks */ = {isa = PBXBuildFile; fileRef = A82639D21BF68509540DD3BC /* Pods_AppStoreConnect.framework */; };
		50EACD5921B17C7700AE60CB /* AppDelegate.swift in Sources */ = {isa = PBXBuildFile; fileRef = 50EACD5821B17C7700AE60CB /* AppDelegate.swift */; };
		50EACD5B21B17C7700AE60CB /* ViewController.swift in Sources */ = {isa = PBXBuildFile; fileRef = 50EACD5A21B17C7700AE60CB /* ViewController.swift */; };
		50EACD5D21B17C7900AE60CB /* Assets.xcassets in Resources */ = {isa = PBXBuildFile; fileRef = 50EACD5C21B17C7900AE60CB /* Assets.xcassets */; };
		50EACD6021B17C7900AE60CB /* Main.storyboard in Resources */ = {isa = PBXBuildFile; fileRef = 50EACD5E21B17C7900AE60CB /* Main.storyboard */; };
		50EACD6C21B17C7900AE60CB /* AppStoreConnectTests.swift in Sources */ = {isa = PBXBuildFile; fileRef = 50EACD6B21B17C7900AE60CB /* AppStoreConnectTests.swift */; };
		B9186B7FBE5290F3C5E20758 /* Pods_AppStoreConnectTests.framework in Frameworks */ = {isa = PBXBuildFile; fileRef = AEA1A57F3E5DC8B71F446989 /* Pods_AppStoreConnectTests.framework */; };
/* End PBXBuildFile section */

/* Begin PBXContainerItemProxy section */
		50EACD6821B17C7900AE60CB /* PBXContainerItemProxy */ = {
			isa = PBXContainerItemProxy;
			containerPortal = 50EACD4D21B17C7600AE60CB /* Project object */;
			proxyType = 1;
			remoteGlobalIDString = 50EACD5421B17C7700AE60CB;
			remoteInfo = AppStoreConnect;
		};
/* End PBXContainerItemProxy section */

/* Begin PBXFileReference section */
		1CD293AB5831DA40ABF49A0A /* Pods-AppStoreConnect.debug.xcconfig */ = {isa = PBXFileReference; includeInIndex = 1; lastKnownFileType = text.xcconfig; name = "Pods-AppStoreConnect.debug.xcconfig"; path = "Pods/Target Support Files/Pods-AppStoreConnect/Pods-AppStoreConnect.debug.xcconfig"; sourceTree = "<group>"; };
		1FFCD194595EC034229699CE /* Pods-AppStoreConnect.release.xcconfig */ = {isa = PBXFileReference; includeInIndex = 1; lastKnownFileType = text.xcconfig; name = "Pods-AppStoreConnect.release.xcconfig"; path = "Pods/Target Support Files/Pods-AppStoreConnect/Pods-AppStoreConnect.release.xcconfig"; sourceTree = "<group>"; };
		34A89FCDE0E6FC9F5A96A110 /* Pods-AppStoreConnectTests.debug.xcconfig */ = {isa = PBXFileReference; includeInIndex = 1; lastKnownFileType = text.xcconfig; name = "Pods-AppStoreConnectTests.debug.xcconfig"; path = "Pods/Target Support Files/Pods-AppStoreConnectTests/Pods-AppStoreConnectTests.debug.xcconfig"; sourceTree = "<group>"; };
		3C2FAC4A432C140E6F920BC1 /* Pods-AppStoreConnectTests.release.xcconfig */ = {isa = PBXFileReference; includeInIndex = 1; lastKnownFileType = text.xcconfig; name = "Pods-AppStoreConnectTests.release.xcconfig"; path = "Pods/Target Support Files/Pods-AppStoreConnectTests/Pods-AppStoreConnectTests.release.xcconfig"; sourceTree = "<group>"; };
		50EACD5521B17C7700AE60CB /* AppStoreConnect.app */ = {isa = PBXFileReference; explicitFileType = wrapper.application; includeInIndex = 0; path = AppStoreConnect.app; sourceTree = BUILT_PRODUCTS_DIR; };
		50EACD5821B17C7700AE60CB /* AppDelegate.swift */ = {isa = PBXFileReference; lastKnownFileType = sourcecode.swift; path = AppDelegate.swift; sourceTree = "<group>"; };
		50EACD5A21B17C7700AE60CB /* ViewController.swift */ = {isa = PBXFileReference; lastKnownFileType = sourcecode.swift; path = ViewController.swift; sourceTree = "<group>"; };
		50EACD5C21B17C7900AE60CB /* Assets.xcassets */ = {isa = PBXFileReference; lastKnownFileType = folder.assetcatalog; path = Assets.xcassets; sourceTree = "<group>"; };
		50EACD5F21B17C7900AE60CB /* Base */ = {isa = PBXFileReference; lastKnownFileType = file.storyboard; name = Base; path = Base.lproj/Main.storyboard; sourceTree = "<group>"; };
		50EACD6121B17C7900AE60CB /* Info.plist */ = {isa = PBXFileReference; lastKnownFileType = text.plist.xml; path = Info.plist; sourceTree = "<group>"; };
		50EACD6221B17C7900AE60CB /* AppStoreConnect.entitlements */ = {isa = PBXFileReference; lastKnownFileType = text.plist.entitlements; path = AppStoreConnect.entitlements; sourceTree = "<group>"; };
		50EACD6721B17C7900AE60CB /* AppStoreConnectTests.xctest */ = {isa = PBXFileReference; explicitFileType = wrapper.cfbundle; includeInIndex = 0; path = AppStoreConnectTests.xctest; sourceTree = BUILT_PRODUCTS_DIR; };
		50EACD6B21B17C7900AE60CB /* AppStoreConnectTests.swift */ = {isa = PBXFileReference; lastKnownFileType = sourcecode.swift; path = AppStoreConnectTests.swift; sourceTree = "<group>"; };
		50EACD6D21B17C7900AE60CB /* Info.plist */ = {isa = PBXFileReference; lastKnownFileType = text.plist.xml; path = Info.plist; sourceTree = "<group>"; };
		A82639D21BF68509540DD3BC /* Pods_AppStoreConnect.framework */ = {isa = PBXFileReference; explicitFileType = wrapper.framework; includeInIndex = 0; path = Pods_AppStoreConnect.framework; sourceTree = BUILT_PRODUCTS_DIR; };
		AEA1A57F3E5DC8B71F446989 /* Pods_AppStoreConnectTests.framework */ = {isa = PBXFileReference; explicitFileType = wrapper.framework; includeInIndex = 0; path = Pods_AppStoreConnectTests.framework; sourceTree = BUILT_PRODUCTS_DIR; };
/* End PBXFileReference section */

/* Begin PBXFrameworksBuildPhase section */
		50EACD5221B17C7700AE60CB /* Frameworks */ = {
			isa = PBXFrameworksBuildPhase;
			buildActionMask = 2147483647;
			files = (
				13E0C2641DA88C924AC63329 /* Pods_AppStoreConnect.framework in Frameworks */,
			);
			runOnlyForDeploymentPostprocessing = 0;
		};
		50EACD6421B17C7900AE60CB /* Frameworks */ = {
			isa = PBXFrameworksBuildPhase;
			buildActionMask = 2147483647;
			files = (
				B9186B7FBE5290F3C5E20758 /* Pods_AppStoreConnectTests.framework in Frameworks */,
			);
			runOnlyForDeploymentPostprocessing = 0;
		};
/* End PBXFrameworksBuildPhase section */

/* Begin PBXGroup section */
		1D0D31A9ACBF11C1E6820068 /* Frameworks */ = {
			isa = PBXGroup;
			children = (
				A82639D21BF68509540DD3BC /* Pods_AppStoreConnect.framework */,
				AEA1A57F3E5DC8B71F446989 /* Pods_AppStoreConnectTests.framework */,
			);
			name = Frameworks;
			sourceTree = "<group>";
		};
		50EACD4C21B17C7600AE60CB = {
			isa = PBXGroup;
			children = (
				50EACD5721B17C7700AE60CB /* AppStoreConnect */,
				50EACD6A21B17C7900AE60CB /* AppStoreConnectTests */,
				50EACD5621B17C7700AE60CB /* Products */,
				5F072C8F4BDEE146D39843DB /* Pods */,
				1D0D31A9ACBF11C1E6820068 /* Frameworks */,
			);
			sourceTree = "<group>";
		};
		50EACD5621B17C7700AE60CB /* Products */ = {
			isa = PBXGroup;
			children = (
				50EACD5521B17C7700AE60CB /* AppStoreConnect.app */,
				50EACD6721B17C7900AE60CB /* AppStoreConnectTests.xctest */,
			);
			name = Products;
			sourceTree = "<group>";
		};
		50EACD5721B17C7700AE60CB /* AppStoreConnect */ = {
			isa = PBXGroup;
			children = (
				50EACD5821B17C7700AE60CB /* AppDelegate.swift */,
				50EACD5A21B17C7700AE60CB /* ViewController.swift */,
				50EACD5C21B17C7900AE60CB /* Assets.xcassets */,
				50EACD5E21B17C7900AE60CB /* Main.storyboard */,
				50EACD6121B17C7900AE60CB /* Info.plist */,
				50EACD6221B17C7900AE60CB /* AppStoreConnect.entitlements */,
			);
			path = AppStoreConnect;
			sourceTree = "<group>";
		};
		50EACD6A21B17C7900AE60CB /* AppStoreConnectTests */ = {
			isa = PBXGroup;
			children = (
				50EACD6B21B17C7900AE60CB /* AppStoreConnectTests.swift */,
				50EACD6D21B17C7900AE60CB /* Info.plist */,
			);
			path = AppStoreConnectTests;
			sourceTree = "<group>";
		};
		5F072C8F4BDEE146D39843DB /* Pods */ = {
			isa = PBXGroup;
			children = (
				1CD293AB5831DA40ABF49A0A /* Pods-AppStoreConnect.debug.xcconfig */,
				1FFCD194595EC034229699CE /* Pods-AppStoreConnect.release.xcconfig */,
				34A89FCDE0E6FC9F5A96A110 /* Pods-AppStoreConnectTests.debug.xcconfig */,
				3C2FAC4A432C140E6F920BC1 /* Pods-AppStoreConnectTests.release.xcconfig */,
			);
			name = Pods;
			sourceTree = "<group>";
		};
/* End PBXGroup section */

/* Begin PBXNativeTarget section */
		50EACD5421B17C7700AE60CB /* AppStoreConnect */ = {
			isa = PBXNativeTarget;
			buildConfigurationList = 50EACD7021B17C7900AE60CB /* Build configuration list for PBXNativeTarget "AppStoreConnect" */;
			buildPhases = (
				134C04607C2283479509B197 /* [CP] Check Pods Manifest.lock */,
				50EACD5121B17C7700AE60CB /* Sources */,
				50EACD5221B17C7700AE60CB /* Frameworks */,
				50EACD5321B17C7700AE60CB /* Resources */,
				E5240230696EB1456ED1E828 /* [CP] Embed Pods Frameworks */,
			);
			buildRules = (
			);
			dependencies = (
			);
			name = AppStoreConnect;
			productName = AppStoreConnect;
			productReference = 50EACD5521B17C7700AE60CB /* AppStoreConnect.app */;
			productType = "com.apple.product-type.application";
		};
		50EACD6621B17C7900AE60CB /* AppStoreConnectTests */ = {
			isa = PBXNativeTarget;
			buildConfigurationList = 50EACD7321B17C7900AE60CB /* Build configuration list for PBXNativeTarget "AppStoreConnectTests" */;
			buildPhases = (
				C431224D6C26743B5B9DDD75 /* [CP] Check Pods Manifest.lock */,
				50EACD6321B17C7900AE60CB /* Sources */,
				50EACD6421B17C7900AE60CB /* Frameworks */,
				50EACD6521B17C7900AE60CB /* Resources */,
			);
			buildRules = (
			);
			dependencies = (
				50EACD6921B17C7900AE60CB /* PBXTargetDependency */,
			);
			name = AppStoreConnectTests;
			productName = AppStoreConnectTests;
			productReference = 50EACD6721B17C7900AE60CB /* AppStoreConnectTests.xctest */;
			productType = "com.apple.product-type.bundle.unit-test";
		};
/* End PBXNativeTarget section */

/* Begin PBXProject section */
		50EACD4D21B17C7600AE60CB /* Project object */ = {
			isa = PBXProject;
			attributes = {
				LastSwiftUpdateCheck = 1010;
				LastUpgradeCheck = 1010;
				ORGANIZATIONNAME = SwiftLee;
				TargetAttributes = {
					50EACD5421B17C7700AE60CB = {
						CreatedOnToolsVersion = 10.1;
					};
					50EACD6621B17C7900AE60CB = {
						CreatedOnToolsVersion = 10.1;
						TestTargetID = 50EACD5421B17C7700AE60CB;
					};
				};
			};
			buildConfigurationList = 50EACD5021B17C7600AE60CB /* Build configuration list for PBXProject "AppStoreConnect" */;
			compatibilityVersion = "Xcode 9.3";
			developmentRegion = en;
			hasScannedForEncodings = 0;
			knownRegions = (
				en,
				Base,
			);
			mainGroup = 50EACD4C21B17C7600AE60CB;
			productRefGroup = 50EACD5621B17C7700AE60CB /* Products */;
			projectDirPath = "";
			projectRoot = "";
			targets = (
				50EACD5421B17C7700AE60CB /* AppStoreConnect */,
				50EACD6621B17C7900AE60CB /* AppStoreConnectTests */,
			);
		};
/* End PBXProject section */

/* Begin PBXResourcesBuildPhase section */
		50EACD5321B17C7700AE60CB /* Resources */ = {
			isa = PBXResourcesBuildPhase;
			buildActionMask = 2147483647;
			files = (
				50EACD5D21B17C7900AE60CB /* Assets.xcassets in Resources */,
				50EACD6021B17C7900AE60CB /* Main.storyboard in Resources */,
			);
			runOnlyForDeploymentPostprocessing = 0;
		};
		50EACD6521B17C7900AE60CB /* Resources */ = {
			isa = PBXResourcesBuildPhase;
			buildActionMask = 2147483647;
			files = (
			);
			runOnlyForDeploymentPostprocessing = 0;
		};
/* End PBXResourcesBuildPhase section */

/* Begin PBXShellScriptBuildPhase section */
		134C04607C2283479509B197 /* [CP] Check Pods Manifest.lock */ = {
			isa = PBXShellScriptBuildPhase;
			buildActionMask = 2147483647;
			files = (
			);
			inputFileListPaths = (
			);
			inputPaths = (
				"${PODS_PODFILE_DIR_PATH}/Podfile.lock",
				"${PODS_ROOT}/Manifest.lock",
			);
			name = "[CP] Check Pods Manifest.lock";
			outputFileListPaths = (
			);
			outputPaths = (
				"$(DERIVED_FILE_DIR)/Pods-AppStoreConnect-checkManifestLockResult.txt",
			);
			runOnlyForDeploymentPostprocessing = 0;
			shellPath = /bin/sh;
			shellScript = "diff \"${PODS_PODFILE_DIR_PATH}/Podfile.lock\" \"${PODS_ROOT}/Manifest.lock\" > /dev/null\nif [ $? != 0 ] ; then\n    # print error to STDERR\n    echo \"error: The sandbox is not in sync with the Podfile.lock. Run 'pod install' or update your CocoaPods installation.\" >&2\n    exit 1\nfi\n# This output is used by Xcode 'outputs' to avoid re-running this script phase.\necho \"SUCCESS\" > \"${SCRIPT_OUTPUT_FILE_0}\"\n";
			showEnvVarsInLog = 0;
		};
		C431224D6C26743B5B9DDD75 /* [CP] Check Pods Manifest.lock */ = {
			isa = PBXShellScriptBuildPhase;
			buildActionMask = 2147483647;
			files = (
			);
			inputFileListPaths = (
			);
			inputPaths = (
				"${PODS_PODFILE_DIR_PATH}/Podfile.lock",
				"${PODS_ROOT}/Manifest.lock",
			);
			name = "[CP] Check Pods Manifest.lock";
			outputFileListPaths = (
			);
			outputPaths = (
				"$(DERIVED_FILE_DIR)/Pods-AppStoreConnectTests-checkManifestLockResult.txt",
			);
			runOnlyForDeploymentPostprocessing = 0;
			shellPath = /bin/sh;
			shellScript = "diff \"${PODS_PODFILE_DIR_PATH}/Podfile.lock\" \"${PODS_ROOT}/Manifest.lock\" > /dev/null\nif [ $? != 0 ] ; then\n    # print error to STDERR\n    echo \"error: The sandbox is not in sync with the Podfile.lock. Run 'pod install' or update your CocoaPods installation.\" >&2\n    exit 1\nfi\n# This output is used by Xcode 'outputs' to avoid re-running this script phase.\necho \"SUCCESS\" > \"${SCRIPT_OUTPUT_FILE_0}\"\n";
			showEnvVarsInLog = 0;
		};
		E5240230696EB1456ED1E828 /* [CP] Embed Pods Frameworks */ = {
			isa = PBXShellScriptBuildPhase;
			buildActionMask = 2147483647;
			files = (
			);
			inputFileListPaths = (
			);
			inputPaths = (
				"${PODS_ROOT}/Target Support Files/Pods-AppStoreConnect/Pods-AppStoreConnect-frameworks.sh",
				"${BUILT_PRODUCTS_DIR}/Alamofire/Alamofire.framework",
				"${BUILT_PRODUCTS_DIR}/AppStoreConnect-Swift-SDK/AppStoreConnect_Swift_SDK.framework",
			);
			name = "[CP] Embed Pods Frameworks";
			outputFileListPaths = (
			);
			outputPaths = (
				"${TARGET_BUILD_DIR}/${FRAMEWORKS_FOLDER_PATH}/Alamofire.framework",
				"${TARGET_BUILD_DIR}/${FRAMEWORKS_FOLDER_PATH}/AppStoreConnect_Swift_SDK.framework",
			);
			runOnlyForDeploymentPostprocessing = 0;
			shellPath = /bin/sh;
			shellScript = "\"${PODS_ROOT}/Target Support Files/Pods-AppStoreConnect/Pods-AppStoreConnect-frameworks.sh\"\n";
			showEnvVarsInLog = 0;
		};
/* End PBXShellScriptBuildPhase section */

/* Begin PBXSourcesBuildPhase section */
		50EACD5121B17C7700AE60CB /* Sources */ = {
			isa = PBXSourcesBuildPhase;
			buildActionMask = 2147483647;
			files = (
				50EACD5B21B17C7700AE60CB /* ViewController.swift in Sources */,
				50EACD5921B17C7700AE60CB /* AppDelegate.swift in Sources */,
			);
			runOnlyForDeploymentPostprocessing = 0;
		};
		50EACD6321B17C7900AE60CB /* Sources */ = {
			isa = PBXSourcesBuildPhase;
			buildActionMask = 2147483647;
			files = (
				50EACD6C21B17C7900AE60CB /* AppStoreConnectTests.swift in Sources */,
			);
			runOnlyForDeploymentPostprocessing = 0;
		};
/* End PBXSourcesBuildPhase section */

/* Begin PBXTargetDependency section */
		50EACD6921B17C7900AE60CB /* PBXTargetDependency */ = {
			isa = PBXTargetDependency;
			target = 50EACD5421B17C7700AE60CB /* AppStoreConnect */;
			targetProxy = 50EACD6821B17C7900AE60CB /* PBXContainerItemProxy */;
		};
/* End PBXTargetDependency section */

/* Begin PBXVariantGroup section */
		50EACD5E21B17C7900AE60CB /* Main.storyboard */ = {
			isa = PBXVariantGroup;
			children = (
				50EACD5F21B17C7900AE60CB /* Base */,
			);
			name = Main.storyboard;
			sourceTree = "<group>";
		};
/* End PBXVariantGroup section */

/* Begin XCBuildConfiguration section */
		50EACD6E21B17C7900AE60CB /* Debug */ = {
			isa = XCBuildConfiguration;
			buildSettings = {
				ALWAYS_SEARCH_USER_PATHS = NO;
				CLANG_ANALYZER_NONNULL = YES;
				CLANG_ANALYZER_NUMBER_OBJECT_CONVERSION = YES_AGGRESSIVE;
				CLANG_CXX_LANGUAGE_STANDARD = "gnu++14";
				CLANG_CXX_LIBRARY = "libc++";
				CLANG_ENABLE_MODULES = YES;
				CLANG_ENABLE_OBJC_ARC = YES;
				CLANG_ENABLE_OBJC_WEAK = YES;
				CLANG_WARN_BLOCK_CAPTURE_AUTORELEASING = YES;
				CLANG_WARN_BOOL_CONVERSION = YES;
				CLANG_WARN_COMMA = YES;
				CLANG_WARN_CONSTANT_CONVERSION = YES;
				CLANG_WARN_DEPRECATED_OBJC_IMPLEMENTATIONS = YES;
				CLANG_WARN_DIRECT_OBJC_ISA_USAGE = YES_ERROR;
				CLANG_WARN_DOCUMENTATION_COMMENTS = YES;
				CLANG_WARN_EMPTY_BODY = YES;
				CLANG_WARN_ENUM_CONVERSION = YES;
				CLANG_WARN_INFINITE_RECURSION = YES;
				CLANG_WARN_INT_CONVERSION = YES;
				CLANG_WARN_NON_LITERAL_NULL_CONVERSION = YES;
				CLANG_WARN_OBJC_IMPLICIT_RETAIN_SELF = YES;
				CLANG_WARN_OBJC_LITERAL_CONVERSION = YES;
				CLANG_WARN_OBJC_ROOT_CLASS = YES_ERROR;
				CLANG_WARN_RANGE_LOOP_ANALYSIS = YES;
				CLANG_WARN_STRICT_PROTOTYPES = YES;
				CLANG_WARN_SUSPICIOUS_MOVE = YES;
				CLANG_WARN_UNGUARDED_AVAILABILITY = YES_AGGRESSIVE;
				CLANG_WARN_UNREACHABLE_CODE = YES;
				CLANG_WARN__DUPLICATE_METHOD_MATCH = YES;
				CODE_SIGN_IDENTITY = "Mac Developer";
				COPY_PHASE_STRIP = NO;
				DEBUG_INFORMATION_FORMAT = dwarf;
				ENABLE_STRICT_OBJC_MSGSEND = YES;
				ENABLE_TESTABILITY = YES;
				GCC_C_LANGUAGE_STANDARD = gnu11;
				GCC_DYNAMIC_NO_PIC = NO;
				GCC_NO_COMMON_BLOCKS = YES;
				GCC_OPTIMIZATION_LEVEL = 0;
				GCC_PREPROCESSOR_DEFINITIONS = (
					"DEBUG=1",
					"$(inherited)",
				);
				GCC_WARN_64_TO_32_BIT_CONVERSION = YES;
				GCC_WARN_ABOUT_RETURN_TYPE = YES_ERROR;
				GCC_WARN_UNDECLARED_SELECTOR = YES;
				GCC_WARN_UNINITIALIZED_AUTOS = YES_AGGRESSIVE;
				GCC_WARN_UNUSED_FUNCTION = YES;
				GCC_WARN_UNUSED_VARIABLE = YES;
				MACOSX_DEPLOYMENT_TARGET = 10.14;
				MTL_ENABLE_DEBUG_INFO = INCLUDE_SOURCE;
				MTL_FAST_MATH = YES;
				ONLY_ACTIVE_ARCH = YES;
				SDKROOT = macosx;
				SWIFT_ACTIVE_COMPILATION_CONDITIONS = DEBUG;
				SWIFT_OPTIMIZATION_LEVEL = "-Onone";
			};
			name = Debug;
		};
		50EACD6F21B17C7900AE60CB /* Release */ = {
			isa = XCBuildConfiguration;
			buildSettings = {
				ALWAYS_SEARCH_USER_PATHS = NO;
				CLANG_ANALYZER_NONNULL = YES;
				CLANG_ANALYZER_NUMBER_OBJECT_CONVERSION = YES_AGGRESSIVE;
				CLANG_CXX_LANGUAGE_STANDARD = "gnu++14";
				CLANG_CXX_LIBRARY = "libc++";
				CLANG_ENABLE_MODULES = YES;
				CLANG_ENABLE_OBJC_ARC = YES;
				CLANG_ENABLE_OBJC_WEAK = YES;
				CLANG_WARN_BLOCK_CAPTURE_AUTORELEASING = YES;
				CLANG_WARN_BOOL_CONVERSION = YES;
				CLANG_WARN_COMMA = YES;
				CLANG_WARN_CONSTANT_CONVERSION = YES;
				CLANG_WARN_DEPRECATED_OBJC_IMPLEMENTATIONS = YES;
				CLANG_WARN_DIRECT_OBJC_ISA_USAGE = YES_ERROR;
				CLANG_WARN_DOCUMENTATION_COMMENTS = YES;
				CLANG_WARN_EMPTY_BODY = YES;
				CLANG_WARN_ENUM_CONVERSION = YES;
				CLANG_WARN_INFINITE_RECURSION = YES;
				CLANG_WARN_INT_CONVERSION = YES;
				CLANG_WARN_NON_LITERAL_NULL_CONVERSION = YES;
				CLANG_WARN_OBJC_IMPLICIT_RETAIN_SELF = YES;
				CLANG_WARN_OBJC_LITERAL_CONVERSION = YES;
				CLANG_WARN_OBJC_ROOT_CLASS = YES_ERROR;
				CLANG_WARN_RANGE_LOOP_ANALYSIS = YES;
				CLANG_WARN_STRICT_PROTOTYPES = YES;
				CLANG_WARN_SUSPICIOUS_MOVE = YES;
				CLANG_WARN_UNGUARDED_AVAILABILITY = YES_AGGRESSIVE;
				CLANG_WARN_UNREACHABLE_CODE = YES;
				CLANG_WARN__DUPLICATE_METHOD_MATCH = YES;
				CODE_SIGN_IDENTITY = "Mac Developer";
				COPY_PHASE_STRIP = NO;
				DEBUG_INFORMATION_FORMAT = "dwarf-with-dsym";
				ENABLE_NS_ASSERTIONS = NO;
				ENABLE_STRICT_OBJC_MSGSEND = YES;
				GCC_C_LANGUAGE_STANDARD = gnu11;
				GCC_NO_COMMON_BLOCKS = YES;
				GCC_WARN_64_TO_32_BIT_CONVERSION = YES;
				GCC_WARN_ABOUT_RETURN_TYPE = YES_ERROR;
				GCC_WARN_UNDECLARED_SELECTOR = YES;
				GCC_WARN_UNINITIALIZED_AUTOS = YES_AGGRESSIVE;
				GCC_WARN_UNUSED_FUNCTION = YES;
				GCC_WARN_UNUSED_VARIABLE = YES;
				MACOSX_DEPLOYMENT_TARGET = 10.14;
				MTL_ENABLE_DEBUG_INFO = NO;
				MTL_FAST_MATH = YES;
				SDKROOT = macosx;
				SWIFT_COMPILATION_MODE = wholemodule;
				SWIFT_OPTIMIZATION_LEVEL = "-O";
			};
			name = Release;
		};
		50EACD7121B17C7900AE60CB /* Debug */ = {
			isa = XCBuildConfiguration;
			baseConfigurationReference = 1CD293AB5831DA40ABF49A0A /* Pods-AppStoreConnect.debug.xcconfig */;
			buildSettings = {
				ASSETCATALOG_COMPILER_APPICON_NAME = AppIcon;
				CODE_SIGN_ENTITLEMENTS = AppStoreConnect/AppStoreConnect.entitlements;
				CODE_SIGN_STYLE = Automatic;
				COMBINE_HIDPI_IMAGES = YES;
				DEVELOPMENT_TEAM = 4QMDKC8VLJ;
				INFOPLIST_FILE = AppStoreConnect/Info.plist;
				LD_RUNPATH_SEARCH_PATHS = (
					"$(inherited)",
					"@executable_path/../Frameworks",
				);
				PRODUCT_BUNDLE_IDENTIFIER = com.swiftlee.AppStoreConnect;
				PRODUCT_NAME = "$(TARGET_NAME)";
				SWIFT_VERSION = 4.2;
			};
			name = Debug;
		};
		50EACD7221B17C7900AE60CB /* Release */ = {
			isa = XCBuildConfiguration;
			baseConfigurationReference = 1FFCD194595EC034229699CE /* Pods-AppStoreConnect.release.xcconfig */;
			buildSettings = {
				ASSETCATALOG_COMPILER_APPICON_NAME = AppIcon;
				CODE_SIGN_ENTITLEMENTS = AppStoreConnect/AppStoreConnect.entitlements;
				CODE_SIGN_STYLE = Automatic;
				COMBINE_HIDPI_IMAGES = YES;
				DEVELOPMENT_TEAM = 4QMDKC8VLJ;
				INFOPLIST_FILE = AppStoreConnect/Info.plist;
				LD_RUNPATH_SEARCH_PATHS = (
					"$(inherited)",
					"@executable_path/../Frameworks",
				);
				PRODUCT_BUNDLE_IDENTIFIER = com.swiftlee.AppStoreConnect;
				PRODUCT_NAME = "$(TARGET_NAME)";
				SWIFT_VERSION = 4.2;
			};
			name = Release;
		};
		50EACD7421B17C7900AE60CB /* Debug */ = {
			isa = XCBuildConfiguration;
			baseConfigurationReference = 34A89FCDE0E6FC9F5A96A110 /* Pods-AppStoreConnectTests.debug.xcconfig */;
			buildSettings = {
				ALWAYS_EMBED_SWIFT_STANDARD_LIBRARIES = YES;
				BUNDLE_LOADER = "$(TEST_HOST)";
				CODE_SIGN_STYLE = Automatic;
				COMBINE_HIDPI_IMAGES = YES;
				DEVELOPMENT_TEAM = 4QMDKC8VLJ;
				INFOPLIST_FILE = AppStoreConnectTests/Info.plist;
				LD_RUNPATH_SEARCH_PATHS = (
					"$(inherited)",
					"@executable_path/../Frameworks",
					"@loader_path/../Frameworks",
				);
				PRODUCT_BUNDLE_IDENTIFIER = com.swiftlee.AppStoreConnectTests;
				PRODUCT_NAME = "$(TARGET_NAME)";
				SWIFT_VERSION = 4.2;
				TEST_HOST = "$(BUILT_PRODUCTS_DIR)/AppStoreConnect.app/Contents/MacOS/AppStoreConnect";
			};
			name = Debug;
		};
		50EACD7521B17C7900AE60CB /* Release */ = {
			isa = XCBuildConfiguration;
			baseConfigurationReference = 3C2FAC4A432C140E6F920BC1 /* Pods-AppStoreConnectTests.release.xcconfig */;
			buildSettings = {
				ALWAYS_EMBED_SWIFT_STANDARD_LIBRARIES = YES;
				BUNDLE_LOADER = "$(TEST_HOST)";
				CODE_SIGN_STYLE = Automatic;
				COMBINE_HIDPI_IMAGES = YES;
				DEVELOPMENT_TEAM = 4QMDKC8VLJ;
				INFOPLIST_FILE = AppStoreConnectTests/Info.plist;
				LD_RUNPATH_SEARCH_PATHS = (
					"$(inherited)",
					"@executable_path/../Frameworks",
					"@loader_path/../Frameworks",
				);
				PRODUCT_BUNDLE_IDENTIFIER = com.swiftlee.AppStoreConnectTests;
				PRODUCT_NAME = "$(TARGET_NAME)";
				SWIFT_VERSION = 4.2;
				TEST_HOST = "$(BUILT_PRODUCTS_DIR)/AppStoreConnect.app/Contents/MacOS/AppStoreConnect";
			};
			name = Release;
		};
/* End XCBuildConfiguration section */

/* Begin XCConfigurationList section */
		50EACD5021B17C7600AE60CB /* Build configuration list for PBXProject "AppStoreConnect" */ = {
			isa = XCConfigurationList;
			buildConfigurations = (
				50EACD6E21B17C7900AE60CB /* Debug */,
				50EACD6F21B17C7900AE60CB /* Release */,
			);
			defaultConfigurationIsVisible = 0;
			defaultConfigurationName = Release;
		};
		50EACD7021B17C7900AE60CB /* Build configuration list for PBXNativeTarget "AppStoreConnect" */ = {
			isa = XCConfigurationList;
			buildConfigurations = (
				50EACD7121B17C7900AE60CB /* Debug */,
				50EACD7221B17C7900AE60CB /* Release */,
			);
			defaultConfigurationIsVisible = 0;
			defaultConfigurationName = Release;
		};
		50EACD7321B17C7900AE60CB /* Build configuration list for PBXNativeTarget "AppStoreConnectTests" */ = {
			isa = XCConfigurationList;
			buildConfigurations = (
				50EACD7421B17C7900AE60CB /* Debug */,
				50EACD7521B17C7900AE60CB /* Release */,
			);
			defaultConfigurationIsVisible = 0;
			defaultConfigurationName = Release;
		};
/* End XCConfigurationList section */
	};
	rootObject = 50EACD4D21B17C7600AE60CB /* Project object */;
}
