PODS:
  - Alamofire (4.8.0)
  - AppStoreConnect-Swift-SDK (0.1.0):
    - Alamofire

DEPENDENCIES:
  - AppStoreConnect-Swift-SDK (from `https://github.com/AvdLee/appstoreconnect-swift-sdk.git`)

SPEC REPOS:
  https://github.com/cocoapods/specs.git:
    - Alamofire

EXTERNAL SOURCES:
  AppStoreConnect-Swift-SDK:
    :git: https://github.com/AvdLee/appstoreconnect-swift-sdk.git

CHECKOUT OPTIONS:
  AppStoreConnect-Swift-SDK:
    :commit: 0812ad260f283a557a55d55061b08249f633de52
    :git: https://github.com/AvdLee/appstoreconnect-swift-sdk.git

SPEC CHECKSUMS:
  Alamofire: 3ec537f71edc9804815215393ae2b1a8ea33a844
  AppStoreConnect-Swift-SDK: 2519f6b2325bafbab8c1a6bee050fa709a9c418d

PODFILE CHECKSUM: 55b8aa6d7a8baeac55bf467c9f5c453f10a9767d

COCOAPODS: 1.6.0.beta.2
