PODS:
  - Alamofire (4.8.0)
  - AppStoreConnect-Swift-SDK (0.1.0):
    - Alamofire

DEPENDENCIES:
  - AppStoreConnect-Swift-SDK (from `../appstoreconnect-swift-sdk/`)

SPEC REPOS:
  https://github.com/cocoapods/specs.git:
    - Alamofire

EXTERNAL SOURCES:
  AppStoreConnect-Swift-SDK:
    :path: "../appstoreconnect-swift-sdk/"

SPEC CHECKSUMS:
  Alamofire: 3ec537f71edc9804815215393ae2b1a8ea33a844
  AppStoreConnect-Swift-SDK: 2519f6b2325bafbab8c1a6bee050fa709a9c418d

PODFILE CHECKSUM: 34a475e58f82e882bbd737063c28f764c5500a7a

COCOAPODS: 1.6.0.beta.2
